
Microsoft Visual Studio Solution File, Format Version 12.00
# Visual Studio 2013
VisualStudioVersion = 12.0.31101.0
MinimumVisualStudioVersion = 10.0.40219.1
Project("{FAE04EC0-301F-11D3-BF4B-00C04F79EFBC}") = "SharedBridge", "SharedBridge\SharedBridge.csproj", "{96AD05DC-98E2-44F1-8D60-489F724E156B}"
EndProject
Global
	GlobalSection(SolutionConfigurationPlatforms) = preSolution
		Bridge|Any CPU = Bridge|Any CPU
		Debug|Any CPU = Debug|Any CPU
		Release|Any CPU = Release|Any CPU
	EndGlobalSection
	GlobalSection(ProjectConfigurationPlatforms) = postSolution
		{96AD05DC-98E2-44F1-8D60-489F724E156B}.Bridge|Any CPU.ActiveCfg = Bridge|Any CPU
		{96AD05DC-98E2-44F1-8D60-489F724E156B}.Bridge|Any CPU.Build.0 = Bridge|Any CPU
		{96AD05DC-98E2-44F1-8D60-489F724E156B}.Debug|Any CPU.ActiveCfg = Debug|Any CPU
		{96AD05DC-98E2-44F1-8D60-489F724E156B}.Debug|Any CPU.Build.0 = Debug|Any CPU
		{96AD05DC-98E2-44F1-8D60-489F724E156B}.Release|Any CPU.ActiveCfg = Release|Any CPU
		{96AD05DC-98E2-44F1-8D60-489F724E156B}.Release|Any CPU.Build.0 = Release|Any CPU
	EndGlobalSection
	GlobalSection(SolutionProperties) = preSolution
		HideSolutionNode = FALSE
	EndGlobalSection
EndGlobal
