
Microsoft Visual Studio Solution File, Format Version 12.00
# Visual Studio 14
VisualStudioVersion = 14.0.23107.0
MinimumVisualStudioVersion = 10.0.40219.1
Project("{FAE04EC0-301F-11D3-BF4B-00C04F79EFBC}") = "TouchSample", "TouchSample.csproj", "{3116D41C-6038-42E9-A4EB-1E01BE5DD90E}"
EndProject
Global
	GlobalSection(SolutionConfigurationPlatforms) = preSolution
		Debug|Any CPU = Debug|Any CPU
		Release|Any CPU = Release|Any CPU
	EndGlobalSection
	GlobalSection(ProjectConfigurationPlatforms) = postSolution
		{3116D41C-6038-42E9-A4EB-1E01BE5DD90E}.Debug|Any CPU.ActiveCfg = Debug|Any CPU
		{3116D41C-6038-42E9-A4EB-1E01BE5DD90E}.Debug|Any CPU.Build.0 = Debug|Any CPU
		{3116D41C-6038-42E9-A4EB-1E01BE5DD90E}.Release|Any CPU.ActiveCfg = Release|Any CPU
		{3116D41C-6038-42E9-A4EB-1E01BE5DD90E}.Release|Any CPU.Build.0 = Release|Any CPU
	EndGlobalSection
	GlobalSection(SolutionProperties) = preSolution
		HideSolutionNode = FALSE
	EndGlobalSection
EndGlobal
