# THIS IS AN AUTOGENERATED FILE. DO NOT EDIT THIS FILE DIRECTLY.
# yarn lockfile v1


"@types/node@^10.0.8":
  version "10.0.8"
  resolved "https://registry.yarnpkg.com/@types/node/-/node-10.0.8.tgz#37b4d91d4e958e4c2ba0be2b86e7ed4ff19b0858"

prettier@^1.12.1:
  version "1.12.1"
  resolved "https://registry.yarnpkg.com/prettier/-/prettier-1.12.1.tgz#c1ad20e803e7749faf905a409d2367e06bbe7325"

readline-sync@^1.4.9:
  version "1.4.9"
  resolved "https://registry.yarnpkg.com/readline-sync/-/readline-sync-1.4.9.tgz#3eda8e65f23cd2a17e61301b1f0003396af5ecda"
