
Microsoft Visual Studio Solution File, Format Version 12.00
# Visual Studio 14
VisualStudioVersion = 14.0.25420.1
MinimumVisualStudioVersion = 10.0.40219.1
Project("{FAE04EC0-301F-11D3-BF4B-00C04F79EFBC}") = "FormWebApp", "FormWebApp\FormWebApp.csproj", "{7BCE3D06-AB50-4A1D-9642-491167969AB6}"
	ProjectSection(ProjectDependencies) = postProject
		{020708A6-5D30-4BAD-9EBD-C29B564F7FD1} = {020708A6-5D30-4BAD-9EBD-C29B564F7FD1}
		{FF8790D4-75F9-4478-8E7D-2DAF1EDDF9EA} = {FF8790D4-75F9-4478-8E7D-2DAF1EDDF9EA}
	EndProjectSection
EndProject
Project("{FAE04EC0-301F-11D3-BF4B-00C04F79EFBC}") = "DTO", "DTO\DTO.csproj", "{020708A6-5D30-4BAD-9EBD-C29B564F7FD1}"
EndProject
Project("{FAE04EC0-301F-11D3-BF4B-00C04F79EFBC}") = "FormBuilder", "FormBuilder\FormBuilder.csproj", "{FF8790D4-75F9-4478-8E7D-2DAF1EDDF9EA}"
EndProject
Global
	GlobalSection(SolutionConfigurationPlatforms) = preSolution
		Debug|Any CPU = Debug|Any CPU
		Release|Any CPU = Release|Any CPU
	EndGlobalSection
	GlobalSection(ProjectConfigurationPlatforms) = postSolution
		{7BCE3D06-AB50-4A1D-9642-491167969AB6}.Debug|Any CPU.ActiveCfg = Debug|Any CPU
		{7BCE3D06-AB50-4A1D-9642-491167969AB6}.Debug|Any CPU.Build.0 = Debug|Any CPU
		{7BCE3D06-AB50-4A1D-9642-491167969AB6}.Release|Any CPU.ActiveCfg = Release|Any CPU
		{7BCE3D06-AB50-4A1D-9642-491167969AB6}.Release|Any CPU.Build.0 = Release|Any CPU
		{020708A6-5D30-4BAD-9EBD-C29B564F7FD1}.Debug|Any CPU.ActiveCfg = Debug|Any CPU
		{020708A6-5D30-4BAD-9EBD-C29B564F7FD1}.Debug|Any CPU.Build.0 = Debug|Any CPU
		{020708A6-5D30-4BAD-9EBD-C29B564F7FD1}.Release|Any CPU.ActiveCfg = Release|Any CPU
		{020708A6-5D30-4BAD-9EBD-C29B564F7FD1}.Release|Any CPU.Build.0 = Release|Any CPU
		{FF8790D4-75F9-4478-8E7D-2DAF1EDDF9EA}.Debug|Any CPU.ActiveCfg = Debug|Any CPU
		{FF8790D4-75F9-4478-8E7D-2DAF1EDDF9EA}.Debug|Any CPU.Build.0 = Debug|Any CPU
		{FF8790D4-75F9-4478-8E7D-2DAF1EDDF9EA}.Release|Any CPU.ActiveCfg = Release|Any CPU
		{FF8790D4-75F9-4478-8E7D-2DAF1EDDF9EA}.Release|Any CPU.Build.0 = Release|Any CPU
	EndGlobalSection
	GlobalSection(SolutionProperties) = preSolution
		HideSolutionNode = FALSE
	EndGlobalSection
EndGlobal
